// !$*UTF8*$!
{
	archiveVersion = 1;
	classes = {
	};
	objectVersion = 46;
	objects = {

/* Begin PBXBuildFile section */
		20F203751F4DD74600353737 /* AppDelegate.swift in Sources */ = {isa = PBXBuildFile; fileRef = 20F203741F4DD74600353737 /* AppDelegate.swift */; };
		20F203771F4DD74600353737 /* ViewController.swift in Sources */ = {isa = PBXBuildFile; fileRef = 20F203761F4DD74600353737 /* ViewController.swift */; };
		20F2037A1F4DD74600353737 /* Main.storyboard in Resources */ = {isa = PBXBuildFile; fileRef = 20F203781F4DD74600353737 /* Main.storyboard */; };
		20F2037C1F4DD74600353737 /* Assets.xcassets in Resources */ = {isa = PBXBuildFile; fileRef = 20F2037B1F4DD74600353737 /* Assets.xcassets */; };
		20F2037F1F4DD74600353737 /* LaunchScreen.storyboard in Resources */ = {isa = PBXBuildFile; fileRef = 20F2037D1F4DD74600353737 /* LaunchScreen.storyboard */; };
		20F2038A1F4DD74600353737 /* TipCalculatorTests.swift in Sources */ = {isa = PBXBuildFile; fileRef = 20F203891F4DD74600353737 /* TipCalculatorTests.swift */; };
		20F203951F4DD74600353737 /* TipCalculatorUITests.swift in Sources */ = {isa = PBXBuildFile; fileRef = 20F203941F4DD74600353737 /* TipCalculatorUITests.swift */; };
		20F203A31F4E3AD500353737 /* SettingsViewController.swift in Sources */ = {isa = PBXBuildFile; fileRef = 20F203A21F4E3AD500353737 /* SettingsViewController.swift */; };
/* End PBXBuildFile section */

/* Begin PBXContainerItemProxy section */
		20F203861F4DD74600353737 /* PBXContainerItemProxy */ = {
			isa = PBXContainerItemProxy;
			containerPortal = 20F203691F4DD74600353737 /* Project object */;
			proxyType = 1;
			remoteGlobalIDString = 20F203701F4DD74600353737;
			remoteInfo = TipCalculator;
		};
		20F203911F4DD74600353737 /* PBXContainerItemProxy */ = {
			isa = PBXContainerItemProxy;
			containerPortal = 20F203691F4DD74600353737 /* Project object */;
			proxyType = 1;
			remoteGlobalIDString = 20F203701F4DD74600353737;
			remoteInfo = TipCalculator;
		};
/* End PBXContainerItemProxy section */

/* Begin PBXFileReference section */
		20F203711F4DD74600353737 /* TipCalculator.app */ = {isa = PBXFileReference; explicitFileType = wrapper.application; includeInIndex = 0; path = TipCalculator.app; sourceTree = BUILT_PRODUCTS_DIR; };
		20F203741F4DD74600353737 /* AppDelegate.swift */ = {isa = PBXFileReference; lastKnownFileType = sourcecode.swift; path = AppDelegate.swift; sourceTree = "<group>"; };
		20F203761F4DD74600353737 /* ViewController.swift */ = {isa = PBXFileReference; lastKnownFileType = sourcecode.swift; path = ViewController.swift; sourceTree = "<group>"; };
		20F203791F4DD74600353737 /* Base */ = {isa = PBXFileReference; lastKnownFileType = file.storyboard; name = Base; path = Base.lproj/Main.storyboard; sourceTree = "<group>"; };
		20F2037B1F4DD74600353737 /* Assets.xcassets */ = {isa = PBXFileReference; lastKnownFileType = folder.assetcatalog; path = Assets.xcassets; sourceTree = "<group>"; };
		20F2037E1F4DD74600353737 /* Base */ = {isa = PBXFileReference; lastKnownFileType = file.storyboard; name = Base; path = Base.lproj/LaunchScreen.storyboard; sourceTree = "<group>"; };
		20F203801F4DD74600353737 /* Info.plist */ = {isa = PBXFileReference; lastKnownFileType = text.plist.xml; path = Info.plist; sourceTree = "<group>"; };
		20F203851F4DD74600353737 /* TipCalculatorTests.xctest */ = {isa = PBXFileReference; explicitFileType = wrapper.cfbundle; includeInIndex = 0; path = TipCalculatorTests.xctest; sourceTree = BUILT_PRODUCTS_DIR; };
		20F203891F4DD74600353737 /* TipCalculatorTests.swift */ = {isa = PBXFileReference; lastKnownFileType = sourcecode.swift; path = TipCalculatorTests.swift; sourceTree = "<group>"; };
		20F2038B1F4DD74600353737 /* Info.plist */ = {isa = PBXFileReference; lastKnownFileType = text.plist.xml; path = Info.plist; sourceTree = "<group>"; };
		20F203901F4DD74600353737 /* TipCalculatorUITests.xctest */ = {isa = PBXFileReference; explicitFileType = wrapper.cfbundle; includeInIndex = 0; path = TipCalculatorUITests.xctest; sourceTree = BUILT_PRODUCTS_DIR; };
		20F203941F4DD74600353737 /* TipCalculatorUITests.swift */ = {isa = PBXFileReference; lastKnownFileType = sourcecode.swift; path = TipCalculatorUITests.swift; sourceTree = "<group>"; };
		20F203961F4DD74600353737 /* Info.plist */ = {isa = PBXFileReference; lastKnownFileType = text.plist.xml; path = Info.plist; sourceTree = "<group>"; };
		20F203A21F4E3AD500353737 /* SettingsViewController.swift */ = {isa = PBXFileReference; fileEncoding = 4; lastKnownFileType = sourcecode.swift; path = SettingsViewController.swift; sourceTree = "<group>"; };
/* End PBXFileReference section */

/* Begin PBXFrameworksBuildPhase section */
		20F2036E1F4DD74600353737 /* Frameworks */ = {
			isa = PBXFrameworksBuildPhase;
			buildActionMask = 2147483647;
			files = (
			);
			runOnlyForDeploymentPostprocessing = 0;
		};
		20F203821F4DD74600353737 /* Frameworks */ = {
			isa = PBXFrameworksBuildPhase;
			buildActionMask = 2147483647;
			files = (
			);
			runOnlyForDeploymentPostprocessing = 0;
		};
		20F2038D1F4DD74600353737 /* Frameworks */ = {
			isa = PBXFrameworksBuildPhase;
			buildActionMask = 2147483647;
			files = (
			);
			runOnlyForDeploymentPostprocessing = 0;
		};
/* End PBXFrameworksBuildPhase section */

/* Begin PBXGroup section */
		20F203681F4DD74600353737 = {
			isa = PBXGroup;
			children = (
				20F203731F4DD74600353737 /* TipCalculator */,
				20F203881F4DD74600353737 /* TipCalculatorTests */,
				20F203931F4DD74600353737 /* TipCalculatorUITests */,
				20F203721F4DD74600353737 /* Products */,
			);
			sourceTree = "<group>";
		};
		20F203721F4DD74600353737 /* Products */ = {
			isa = PBXGroup;
			children = (
				20F203711F4DD74600353737 /* TipCalculator.app */,
				20F203851F4DD74600353737 /* TipCalculatorTests.xctest */,
				20F203901F4DD74600353737 /* TipCalculatorUITests.xctest */,
			);
			name = Products;
			sourceTree = "<group>";
		};
		20F203731F4DD74600353737 /* TipCalculator */ = {
			isa = PBXGroup;
			children = (
				20F203741F4DD74600353737 /* AppDelegate.swift */,
				20F203761F4DD74600353737 /* ViewController.swift */,
				20F203781F4DD74600353737 /* Main.storyboard */,
				20F203A21F4E3AD500353737 /* SettingsViewController.swift */,
				20F2037B1F4DD74600353737 /* Assets.xcassets */,
				20F2037D1F4DD74600353737 /* LaunchScreen.storyboard */,
				20F203801F4DD74600353737 /* Info.plist */,
			);
			path = TipCalculator;
			sourceTree = "<group>";
		};
		20F203881F4DD74600353737 /* TipCalculatorTests */ = {
			isa = PBXGroup;
			children = (
				20F203891F4DD74600353737 /* TipCalculatorTests.swift */,
				20F2038B1F4DD74600353737 /* Info.plist */,
			);
			path = TipCalculatorTests;
			sourceTree = "<group>";
		};
		20F203931F4DD74600353737 /* TipCalculatorUITests */ = {
			isa = PBXGroup;
			children = (
				20F203941F4DD74600353737 /* TipCalculatorUITests.swift */,
				20F203961F4DD74600353737 /* Info.plist */,
			);
			path = TipCalculatorUITests;
			sourceTree = "<group>";
		};
/* End PBXGroup section */

/* Begin PBXNativeTarget section */
		20F203701F4DD74600353737 /* TipCalculator */ = {
			isa = PBXNativeTarget;
			buildConfigurationList = 20F203991F4DD74600353737 /* Build configuration list for PBXNativeTarget "TipCalculator" */;
			buildPhases = (
				20F2036D1F4DD74600353737 /* Sources */,
				20F2036E1F4DD74600353737 /* Frameworks */,
				20F2036F1F4DD74600353737 /* Resources */,
			);
			buildRules = (
			);
			dependencies = (
			);
			name = TipCalculator;
			productName = TipCalculator;
			productReference = 20F203711F4DD74600353737 /* TipCalculator.app */;
			productType = "com.apple.product-type.application";
		};
		20F203841F4DD74600353737 /* TipCalculatorTests */ = {
			isa = PBXNativeTarget;
			buildConfigurationList = 20F2039C1F4DD74600353737 /* Build configuration list for PBXNativeTarget "TipCalculatorTests" */;
			buildPhases = (
				20F203811F4DD74600353737 /* Sources */,
				20F203821F4DD74600353737 /* Frameworks */,
				20F203831F4DD74600353737 /* Resources */,
			);
			buildRules = (
			);
			dependencies = (
				20F203871F4DD74600353737 /* PBXTargetDependency */,
			);
			name = TipCalculatorTests;
			productName = TipCalculatorTests;
			productReference = 20F203851F4DD74600353737 /* TipCalculatorTests.xctest */;
			productType = "com.apple.product-type.bundle.unit-test";
		};
		20F2038F1F4DD74600353737 /* TipCalculatorUITests */ = {
			isa = PBXNativeTarget;
			buildConfigurationList = 20F2039F1F4DD74600353737 /* Build configuration list for PBXNativeTarget "TipCalculatorUITests" */;
			buildPhases = (
				20F2038C1F4DD74600353737 /* Sources */,
				20F2038D1F4DD74600353737 /* Frameworks */,
				20F2038E1F4DD74600353737 /* Resources */,
			);
			buildRules = (
			);
			dependencies = (
				20F203921F4DD74600353737 /* PBXTargetDependency */,
			);
			name = TipCalculatorUITests;
			productName = TipCalculatorUITests;
			productReference = 20F203901F4DD74600353737 /* TipCalculatorUITests.xctest */;
			productType = "com.apple.product-type.bundle.ui-testing";
		};
/* End PBXNativeTarget section */

/* Begin PBXProject section */
		20F203691F4DD74600353737 /* Project object */ = {
			isa = PBXProject;
			attributes = {
				LastSwiftUpdateCheck = 0830;
				LastUpgradeCheck = 0830;
				ORGANIZATIONNAME = "Sneha Kasetty Sudarshan";
				TargetAttributes = {
					20F203701F4DD74600353737 = {
						CreatedOnToolsVersion = 8.3.3;
						DevelopmentTeam = 4LAC7B63N5;
						ProvisioningStyle = Automatic;
					};
					20F203841F4DD74600353737 = {
						CreatedOnToolsVersion = 8.3.3;
						DevelopmentTeam = 4LAC7B63N5;
						ProvisioningStyle = Automatic;
						TestTargetID = 20F203701F4DD74600353737;
					};
					20F2038F1F4DD74600353737 = {
						CreatedOnToolsVersion = 8.3.3;
						DevelopmentTeam = 4LAC7B63N5;
						ProvisioningStyle = Automatic;
						TestTargetID = 20F203701F4DD74600353737;
					};
				};
			};
			buildConfigurationList = 20F2036C1F4DD74600353737 /* Build configuration list for PBXProject "TipCalculator" */;
			compatibilityVersion = "Xcode 3.2";
			developmentRegion = English;
			hasScannedForEncodings = 0;
			knownRegions = (
				en,
				Base,
			);
			mainGroup = 20F203681F4DD74600353737;
			productRefGroup = 20F203721F4DD74600353737 /* Products */;
			projectDirPath = "";
			projectRoot = "";
			targets = (
				20F203701F4DD74600353737 /* TipCalculator */,
				20F203841F4DD74600353737 /* TipCalculatorTests */,
				20F2038F1F4DD74600353737 /* TipCalculatorUITests */,
			);
		};
/* End PBXProject section */

/* Begin PBXResourcesBuildPhase section */
		20F2036F1F4DD74600353737 /* Resources */ = {
			isa = PBXResourcesBuildPhase;
			buildActionMask = 2147483647;
			files = (
				20F2037F1F4DD74600353737 /* LaunchScreen.storyboard in Resources */,
				20F2037C1F4DD74600353737 /* Assets.xcassets in Resources */,
				20F2037A1F4DD74600353737 /* Main.storyboard in Resources */,
			);
			runOnlyForDeploymentPostprocessing = 0;
		};
		20F203831F4DD74600353737 /* Resources */ = {
			isa = PBXResourcesBuildPhase;
			buildActionMask = 2147483647;
			files = (
			);
			runOnlyForDeploymentPostprocessing = 0;
		};
		20F2038E1F4DD74600353737 /* Resources */ = {
			isa = PBXResourcesBuildPhase;
			buildActionMask = 2147483647;
			files = (
			);
			runOnlyForDeploymentPostprocessing = 0;
		};
/* End PBXResourcesBuildPhase section */

/* Begin PBXSourcesBuildPhase section */
		20F2036D1F4DD74600353737 /* Sources */ = {
			isa = PBXSourcesBuildPhase;
			buildActionMask = 2147483647;
			files = (
				20F203771F4DD74600353737 /* ViewController.swift in Sources */,
				20F203751F4DD74600353737 /* AppDelegate.swift in Sources */,
				20F203A31F4E3AD500353737 /* SettingsViewController.swift in Sources */,
			);
			runOnlyForDeploymentPostprocessing = 0;
		};
		20F203811F4DD74600353737 /* Sources */ = {
			isa = PBXSourcesBuildPhase;
			buildActionMask = 2147483647;
			files = (
				20F2038A1F4DD74600353737 /* TipCalculatorTests.swift in Sources */,
			);
			runOnlyForDeploymentPostprocessing = 0;
		};
		20F2038C1F4DD74600353737 /* Sources */ = {
			isa = PBXSourcesBuildPhase;
			buildActionMask = 2147483647;
			files = (
				20F203951F4DD74600353737 /* TipCalculatorUITests.swift in Sources */,
			);
			runOnlyForDeploymentPostprocessing = 0;
		};
/* End PBXSourcesBuildPhase section */

/* Begin PBXTargetDependency section */
		20F203871F4DD74600353737 /* PBXTargetDependency */ = {
			isa = PBXTargetDependency;
			target = 20F203701F4DD74600353737 /* TipCalculator */;
			targetProxy = 20F203861F4DD74600353737 /* PBXContainerItemProxy */;
		};
		20F203921F4DD74600353737 /* PBXTargetDependency */ = {
			isa = PBXTargetDependency;
			target = 20F203701F4DD74600353737 /* TipCalculator */;
			targetProxy = 20F203911F4DD74600353737 /* PBXContainerItemProxy */;
		};
/* End PBXTargetDependency section */

/* Begin PBXVariantGroup section */
		20F203781F4DD74600353737 /* Main.storyboard */ = {
			isa = PBXVariantGroup;
			children = (
				20F203791F4DD74600353737 /* Base */,
			);
			name = Main.storyboard;
			sourceTree = "<group>";
		};
		20F2037D1F4DD74600353737 /* LaunchScreen.storyboard */ = {
			isa = PBXVariantGroup;
			children = (
				20F2037E1F4DD74600353737 /* Base */,
			);
			name = LaunchScreen.storyboard;
			sourceTree = "<group>";
		};
/* End PBXVariantGroup section */

/* Begin XCBuildConfiguration section */
		20F203971F4DD74600353737 /* Debug */ = {
			isa = XCBuildConfiguration;
			buildSettings = {
				ALWAYS_SEARCH_USER_PATHS = NO;
				CLANG_ANALYZER_NONNULL = YES;
				CLANG_ANALYZER_NUMBER_OBJECT_CONVERSION = YES_AGGRESSIVE;
				CLANG_CXX_LANGUAGE_STANDARD = "gnu++0x";
				CLANG_CXX_LIBRARY = "libc++";
				CLANG_ENABLE_MODULES = YES;
				CLANG_ENABLE_OBJC_ARC = YES;
				CLANG_WARN_BOOL_CONVERSION = YES;
				CLANG_WARN_CONSTANT_CONVERSION = YES;
				CLANG_WARN_DIRECT_OBJC_ISA_USAGE = YES_ERROR;
				CLANG_WARN_DOCUMENTATION_COMMENTS = YES;
				CLANG_WARN_EMPTY_BODY = YES;
				CLANG_WARN_ENUM_CONVERSION = YES;
				CLANG_WARN_INFINITE_RECURSION = YES;
				CLANG_WARN_INT_CONVERSION = YES;
				CLANG_WARN_OBJC_ROOT_CLASS = YES_ERROR;
				CLANG_WARN_SUSPICIOUS_MOVE = YES;
				CLANG_WARN_UNREACHABLE_CODE = YES;
				CLANG_WARN__DUPLICATE_METHOD_MATCH = YES;
				"CODE_SIGN_IDENTITY[sdk=iphoneos*]" = "iPhone Developer";
				COPY_PHASE_STRIP = NO;
				DEBUG_INFORMATION_FORMAT = dwarf;
				ENABLE_STRICT_OBJC_MSGSEND = YES;
				ENABLE_TESTABILITY = YES;
				GCC_C_LANGUAGE_STANDARD = gnu99;
				GCC_DYNAMIC_NO_PIC = NO;
				GCC_NO_COMMON_BLOCKS = YES;
				GCC_OPTIMIZATION_LEVEL = 0;
				GCC_PREPROCESSOR_DEFINITIONS = (
					"DEBUG=1",
					"$(inherited)",
				);
				GCC_WARN_64_TO_32_BIT_CONVERSION = YES;
				GCC_WARN_ABOUT_RETURN_TYPE = YES_ERROR;
				GCC_WARN_UNDECLARED_SELECTOR = YES;
				GCC_WARN_UNINITIALIZED_AUTOS = YES_AGGRESSIVE;
				GCC_WARN_UNUSED_FUNCTION = YES;
				GCC_WARN_UNUSED_VARIABLE = YES;
				IPHONEOS_DEPLOYMENT_TARGET = 10.3;
				MTL_ENABLE_DEBUG_INFO = YES;
				ONLY_ACTIVE_ARCH = YES;
				SDKROOT = iphoneos;
				SWIFT_ACTIVE_COMPILATION_CONDITIONS = DEBUG;
				SWIFT_OPTIMIZATION_LEVEL = "-Onone";
				TARGETED_DEVICE_FAMILY = "1,2";
			};
			name = Debug;
		};
		20F203981F4DD74600353737 /* Release */ = {
			isa = XCBuildConfiguration;
			buildSettings = {
				ALWAYS_SEARCH_USER_PATHS = NO;
				CLANG_ANALYZER_NONNULL = YES;
				CLANG_ANALYZER_NUMBER_OBJECT_CONVERSION = YES_AGGRESSIVE;
				CLANG_CXX_LANGUAGE_STANDARD = "gnu++0x";
				CLANG_CXX_LIBRARY = "libc++";
				CLANG_ENABLE_MODULES = YES;
				CLANG_ENABLE_OBJC_ARC = YES;
				CLANG_WARN_BOOL_CONVERSION = YES;
				CLANG_WARN_CONSTANT_CONVERSION = YES;
				CLANG_WARN_DIRECT_OBJC_ISA_USAGE = YES_ERROR;
				CLANG_WARN_DOCUMENTATION_COMMENTS = YES;
				CLANG_WARN_EMPTY_BODY = YES;
				CLANG_WARN_ENUM_CONVERSION = YES;
				CLANG_WARN_INFINITE_RECURSION = YES;
				CLANG_WARN_INT_CONVERSION = YES;
				CLANG_WARN_OBJC_ROOT_CLASS = YES_ERROR;
				CLANG_WARN_SUSPICIOUS_MOVE = YES;
				CLANG_WARN_UNREACHABLE_CODE = YES;
				CLANG_WARN__DUPLICATE_METHOD_MATCH = YES;
				"CODE_SIGN_IDENTITY[sdk=iphoneos*]" = "iPhone Developer";
				COPY_PHASE_STRIP = NO;
				DEBUG_INFORMATION_FORMAT = "dwarf-with-dsym";
				ENABLE_NS_ASSERTIONS = NO;
				ENABLE_STRICT_OBJC_MSGSEND = YES;
				GCC_C_LANGUAGE_STANDARD = gnu99;
				GCC_NO_COMMON_BLOCKS = YES;
				GCC_WARN_64_TO_32_BIT_CONVERSION = YES;
				GCC_WARN_ABOUT_RETURN_TYPE = YES_ERROR;
				GCC_WARN_UNDECLARED_SELECTOR = YES;
				GCC_WARN_UNINITIALIZED_AUTOS = YES_AGGRESSIVE;
				GCC_WARN_UNUSED_FUNCTION = YES;
				GCC_WARN_UNUSED_VARIABLE = YES;
				IPHONEOS_DEPLOYMENT_TARGET = 10.3;
				MTL_ENABLE_DEBUG_INFO = NO;
				SDKROOT = iphoneos;
				SWIFT_OPTIMIZATION_LEVEL = "-Owholemodule";
				TARGETED_DEVICE_FAMILY = "1,2";
				VALIDATE_PRODUCT = YES;
			};
			name = Release;
		};
		20F2039A1F4DD74600353737 /* Debug */ = {
			isa = XCBuildConfiguration;
			buildSettings = {
				ASSETCATALOG_COMPILER_APPICON_NAME = AppIcon;
				DEVELOPMENT_TEAM = 4LAC7B63N5;
				INFOPLIST_FILE = TipCalculator/Info.plist;
				IPHONEOS_DEPLOYMENT_TARGET = 10.2;
				LD_RUNPATH_SEARCH_PATHS = "$(inherited) @executable_path/Frameworks";
				PRODUCT_BUNDLE_IDENTIFIER = sneha.TipCalculator;
				PRODUCT_NAME = "$(TARGET_NAME)";
				SWIFT_VERSION = 3.0;
			};
			name = Debug;
		};
		20F2039B1F4DD74600353737 /* Release */ = {
			isa = XCBuildConfiguration;
			buildSettings = {
				ASSETCATALOG_COMPILER_APPICON_NAME = AppIcon;
				DEVELOPMENT_TEAM = 4LAC7B63N5;
				INFOPLIST_FILE = TipCalculator/Info.plist;
				IPHONEOS_DEPLOYMENT_TARGET = 10.2;
				LD_RUNPATH_SEARCH_PATHS = "$(inherited) @executable_path/Frameworks";
				PRODUCT_BUNDLE_IDENTIFIER = sneha.TipCalculator;
				PRODUCT_NAME = "$(TARGET_NAME)";
				SWIFT_VERSION = 3.0;
			};
			name = Release;
		};
		20F2039D1F4DD74600353737 /* Debug */ = {
			isa = XCBuildConfiguration;
			buildSettings = {
				ALWAYS_EMBED_SWIFT_STANDARD_LIBRARIES = YES;
				BUNDLE_LOADER = "$(TEST_HOST)";
				DEVELOPMENT_TEAM = 4LAC7B63N5;
				INFOPLIST_FILE = TipCalculatorTests/Info.plist;
				LD_RUNPATH_SEARCH_PATHS = "$(inherited) @executable_path/Frameworks @loader_path/Frameworks";
				PRODUCT_BUNDLE_IDENTIFIER = sneha.TipCalculatorTests;
				PRODUCT_NAME = "$(TARGET_NAME)";
				SWIFT_VERSION = 3.0;
				TEST_HOST = "$(BUILT_PRODUCTS_DIR)/TipCalculator.app/TipCalculator";
			};
			name = Debug;
		};
		20F2039E1F4DD74600353737 /* Release */ = {
			isa = XCBuildConfiguration;
			buildSettings = {
				ALWAYS_EMBED_SWIFT_STANDARD_LIBRARIES = YES;
				BUNDLE_LOADER = "$(TEST_HOST)";
				DEVELOPMENT_TEAM = 4LAC7B63N5;
				INFOPLIST_FILE = TipCalculatorTests/Info.plist;
				LD_RUNPATH_SEARCH_PATHS = "$(inherited) @executable_path/Frameworks @loader_path/Frameworks";
				PRODUCT_BUNDLE_IDENTIFIER = sneha.TipCalculatorTests;
				PRODUCT_NAME = "$(TARGET_NAME)";
				SWIFT_VERSION = 3.0;
				TEST_HOST = "$(BUILT_PRODUCTS_DIR)/TipCalculator.app/TipCalculator";
			};
			name = Release;
		};
		20F203A01F4DD74600353737 /* Debug */ = {
			isa = XCBuildConfiguration;
			buildSettings = {
				ALWAYS_EMBED_SWIFT_STANDARD_LIBRARIES = YES;
				DEVELOPMENT_TEAM = 4LAC7B63N5;
				INFOPLIST_FILE = TipCalculatorUITests/Info.plist;
				LD_RUNPATH_SEARCH_PATHS = "$(inherited) @executable_path/Frameworks @loader_path/Frameworks";
				PRODUCT_BUNDLE_IDENTIFIER = sneha.TipCalculatorUITests;
				PRODUCT_NAME = "$(TARGET_NAME)";
				SWIFT_VERSION = 3.0;
				TEST_TARGET_NAME = TipCalculator;
			};
			name = Debug;
		};
		20F203A11F4DD74600353737 /* Release */ = {
			isa = XCBuildConfiguration;
			buildSettings = {
				ALWAYS_EMBED_SWIFT_STANDARD_LIBRARIES = YES;
				DEVELOPMENT_TEAM = 4LAC7B63N5;
				INFOPLIST_FILE = TipCalculatorUITests/Info.plist;
				LD_RUNPATH_SEARCH_PATHS = "$(inherited) @executable_path/Frameworks @loader_path/Frameworks";
				PRODUCT_BUNDLE_IDENTIFIER = sneha.TipCalculatorUITests;
				PRODUCT_NAME = "$(TARGET_NAME)";
				SWIFT_VERSION = 3.0;
				TEST_TARGET_NAME = TipCalculator;
			};
			name = Release;
		};
/* End XCBuildConfiguration section */

/* Begin XCConfigurationList section */
		20F2036C1F4DD74600353737 /* Build configuration list for PBXProject "TipCalculator" */ = {
			isa = XCConfigurationList;
			buildConfigurations = (
				20F203971F4DD74600353737 /* Debug */,
				20F203981F4DD74600353737 /* Release */,
			);
			defaultConfigurationIsVisible = 0;
			defaultConfigurationName = Release;
		};
		20F203991F4DD74600353737 /* Build configuration list for PBXNativeTarget "TipCalculator" */ = {
			isa = XCConfigurationList;
			buildConfigurations = (
				20F2039A1F4DD74600353737 /* Debug */,
				20F2039B1F4DD74600353737 /* Release */,
			);
			defaultConfigurationIsVisible = 0;
		};
		20F2039C1F4DD74600353737 /* Build configuration list for PBXNativeTarget "TipCalculatorTests" */ = {
			isa = XCConfigurationList;
			buildConfigurations = (
				20F2039D1F4DD74600353737 /* Debug */,
				20F2039E1F4DD74600353737 /* Release */,
			);
			defaultConfigurationIsVisible = 0;
		};
		20F2039F1F4DD74600353737 /* Build configuration list for PBXNativeTarget "TipCalculatorUITests" */ = {
			isa = XCConfigurationList;
			buildConfigurations = (
				20F203A01F4DD74600353737 /* Debug */,
				20F203A11F4DD74600353737 /* Release */,
			);
			defaultConfigurationIsVisible = 0;
		};
/* End XCConfigurationList section */
	};
	rootObject = 20F203691F4DD74600353737 /* Project object */;
}
